
Microsoft Visual Studio Solution File, Format Version 12.00
# Visual Studio Version 16
VisualStudioVersion = 16.0.31515.178
MinimumVisualStudioVersion = 10.0.40219.1
Project("{FAE04EC0-301F-11D3-BF4B-00C04F79EFBC}") = "WebApplication2", "WebApplication2\WebApplication2.csproj", "{B76CB077-E181-44A3-BB7F-DA66F2D43DE5}"
EndProject
Project("{FAE04EC0-301F-11D3-BF4B-00C04F79EFBC}") = "TestProject1", "UnitTestProject\TestProject1\TestProject1.csproj", "{563261DB-77F6-4171-BDC2-C0BB0217F5F7}"
EndProject
Global
	GlobalSection(SolutionConfigurationPlatforms) = preSolution
		Debug|Any CPU = Debug|Any CPU
		Release|Any CPU = Release|Any CPU
	EndGlobalSection
	GlobalSection(ProjectConfigurationPlatforms) = postSolution
		{B76CB077-E181-44A3-BB7F-DA66F2D43DE5}.Debug|Any CPU.ActiveCfg = Debug|Any CPU
		{B76CB077-E181-44A3-BB7F-DA66F2D43DE5}.Debug|Any CPU.Build.0 = Debug|Any CPU
		{B76CB077-E181-44A3-BB7F-DA66F2D43DE5}.Release|Any CPU.ActiveCfg = Release|Any CPU
		{B76CB077-E181-44A3-BB7F-DA66F2D43DE5}.Release|Any CPU.Build.0 = Release|Any CPU
		{563261DB-77F6-4171-BDC2-C0BB0217F5F7}.Debug|Any CPU.ActiveCfg = Debug|Any CPU
		{563261DB-77F6-4171-BDC2-C0BB0217F5F7}.Debug|Any CPU.Build.0 = Debug|Any CPU
		{563261DB-77F6-4171-BDC2-C0BB0217F5F7}.Release|Any CPU.ActiveCfg = Release|Any CPU
		{563261DB-77F6-4171-BDC2-C0BB0217F5F7}.Release|Any CPU.Build.0 = Release|Any CPU
	EndGlobalSection
	GlobalSection(SolutionProperties) = preSolution
		HideSolutionNode = FALSE
	EndGlobalSection
	GlobalSection(ExtensibilityGlobals) = postSolution
		SolutionGuid = {B5812CAB-E398-4254-9241-A00939EAF632}
	EndGlobalSection
EndGlobal
